PODS:
  - CandyAttribute (0.0.1):
    - SwiftyAttributes (= 4.1.0)
  - SwiftyAttributes (4.1.0)

DEPENDENCIES:
  - CandyAttribute (from `../`)

EXTERNAL SOURCES:
  CandyAttribute:
    :path: ../

SPEC CHECKSUMS:
  CandyAttribute: d0ffc75c27b5db030d0df865bda3b0497a1a8d3e
  SwiftyAttributes: cef9463f6e7da1ab393896ca036c9ac37d8a406b

PODFILE CHECKSUM: be28aec58bf0eef578f5dcbf399dcc9521c89a84

COCOAPODS: 1.4.0.beta.1
