PODS:
  - CandyAttribute (0.0.5):
    - SwiftyAttributes (>= 5.0.0)
  - SwiftyAttributes (5.0.0)

DEPENDENCIES:
  - CandyAttribute (from `../`)

SPEC REPOS:
  https://github.com/cocoapods/specs.git:
    - SwiftyAttributes

EXTERNAL SOURCES:
  CandyAttribute:
    :path: "../"

SPEC CHECKSUMS:
  CandyAttribute: daae472f713839d727f9bbcdabf480d0beb4a688
  SwiftyAttributes: a6e7bbac1e9a9f5c0b42e4055563ca091dda03ad

PODFILE CHECKSUM: be28aec58bf0eef578f5dcbf399dcc9521c89a84

COCOAPODS: 1.5.3
